// !$*UTF8*$!
{
	archiveVersion = 1;
	classes = {
	};
	objectVersion = 50;
	objects = {

/* Begin PBXBuildFile section */
		3D3CE7A92644B782004812E0 /* WebVC.swift in Sources */ = {isa = PBXBuildFile; fileRef = 3D3CE7A82644B782004812E0 /* WebVC.swift */; };
		3DA73915264454E400C5F893 /* AppDelegate.swift in Sources */ = {isa = PBXBuildFile; fileRef = 3DA73914264454E400C5F893 /* AppDelegate.swift */; };
		3DA73917264454E400C5F893 /* SceneDelegate.swift in Sources */ = {isa = PBXBuildFile; fileRef = 3DA73916264454E400C5F893 /* SceneDelegate.swift */; };
		3DA7391C264454E400C5F893 /* Main.storyboard in Resources */ = {isa = PBXBuildFile; fileRef = 3DA7391A264454E400C5F893 /* Main.storyboard */; };
		3DA7391E264454E600C5F893 /* Assets.xcassets in Resources */ = {isa = PBXBuildFile; fileRef = 3DA7391D264454E600C5F893 /* Assets.xcassets */; };
		3DA73921264454E600C5F893 /* LaunchScreen.storyboard in Resources */ = {isa = PBXBuildFile; fileRef = 3DA7391F264454E600C5F893 /* LaunchScreen.storyboard */; };
		3DA7392E2644562600C5F893 /* StateData.swift in Sources */ = {isa = PBXBuildFile; fileRef = 3DA7392D2644562600C5F893 /* StateData.swift */; };
		3DA7393826447EE000C5F893 /* states.json in Resources */ = {isa = PBXBuildFile; fileRef = 3DA7393726447EDF00C5F893 /* states.json */; };
		3DA7393A264482EB00C5F893 /* StatesTVC.swift in Sources */ = {isa = PBXBuildFile; fileRef = 3DA73939264482EB00C5F893 /* StatesTVC.swift */; };
		3DA7393D2644889F00C5F893 /* StateTVCell.swift in Sources */ = {isa = PBXBuildFile; fileRef = 3DA7393C2644889F00C5F893 /* StateTVCell.swift */; };
		3DA7393F2644A27500C5F893 /* DetailTVC.swift in Sources */ = {isa = PBXBuildFile; fileRef = 3DA7393E2644A27500C5F893 /* DetailTVC.swift */; };
		3DF10CD32645AC8D00787F2F /* ForkbeardTVC.swift in Sources */ = {isa = PBXBuildFile; fileRef = 3DF10CD22645AC8D00787F2F /* ForkbeardTVC.swift */; };
/* End PBXBuildFile section */

/* Begin PBXFileReference section */
		3D3CE7A82644B782004812E0 /* WebVC.swift */ = {isa = PBXFileReference; lastKnownFileType = sourcecode.swift; path = WebVC.swift; sourceTree = "<group>"; };
		3DA73911264454E400C5F893 /* Flags.app */ = {isa = PBXFileReference; explicitFileType = wrapper.application; includeInIndex = 0; path = Flags.app; sourceTree = BUILT_PRODUCTS_DIR; };
		3DA73914264454E400C5F893 /* AppDelegate.swift */ = {isa = PBXFileReference; lastKnownFileType = sourcecode.swift; path = AppDelegate.swift; sourceTree = "<group>"; };
		3DA73916264454E400C5F893 /* SceneDelegate.swift */ = {isa = PBXFileReference; lastKnownFileType = sourcecode.swift; path = SceneDelegate.swift; sourceTree = "<group>"; };
		3DA7391B264454E400C5F893 /* Base */ = {isa = PBXFileReference; lastKnownFileType = file.storyboard; name = Base; path = Base.lproj/Main.storyboard; sourceTree = "<group>"; };
		3DA7391D264454E600C5F893 /* Assets.xcassets */ = {isa = PBXFileReference; lastKnownFileType = folder.assetcatalog; path = Assets.xcassets; sourceTree = "<group>"; };
		3DA73920264454E600C5F893 /* Base */ = {isa = PBXFileReference; lastKnownFileType = file.storyboard; name = Base; path = Base.lproj/LaunchScreen.storyboard; sourceTree = "<group>"; };
		3DA73922264454E600C5F893 /* Info.plist */ = {isa = PBXFileReference; lastKnownFileType = text.plist.xml; path = Info.plist; sourceTree = "<group>"; };
		3DA7392D2644562600C5F893 /* StateData.swift */ = {isa = PBXFileReference; lastKnownFileType = sourcecode.swift; path = StateData.swift; sourceTree = "<group>"; };
		3DA7393726447EDF00C5F893 /* states.json */ = {isa = PBXFileReference; fileEncoding = 4; lastKnownFileType = text.json; path = states.json; sourceTree = "<group>"; };
		3DA73939264482EB00C5F893 /* StatesTVC.swift */ = {isa = PBXFileReference; lastKnownFileType = sourcecode.swift; path = StatesTVC.swift; sourceTree = "<group>"; };
		3DA7393C2644889F00C5F893 /* StateTVCell.swift */ = {isa = PBXFileReference; lastKnownFileType = sourcecode.swift; path = StateTVCell.swift; sourceTree = "<group>"; };
		3DA7393E2644A27500C5F893 /* DetailTVC.swift */ = {isa = PBXFileReference; lastKnownFileType = sourcecode.swift; path = DetailTVC.swift; sourceTree = "<group>"; };
		3DF10CD22645AC8D00787F2F /* ForkbeardTVC.swift */ = {isa = PBXFileReference; lastKnownFileType = sourcecode.swift; path = ForkbeardTVC.swift; sourceTree = "<group>"; };
/* End PBXFileReference section */

/* Begin PBXFrameworksBuildPhase section */
		3DA7390E264454E400C5F893 /* Frameworks */ = {
			isa = PBXFrameworksBuildPhase;
			buildActionMask = 2147483647;
			files = (
			);
			runOnlyForDeploymentPostprocessing = 0;
		};
/* End PBXFrameworksBuildPhase section */

/* Begin PBXGroup section */
		3DA73908264454E400C5F893 = {
			isa = PBXGroup;
			children = (
				3DA73913264454E400C5F893 /* Flags */,
				3DA73912264454E400C5F893 /* Products */,
			);
			sourceTree = "<group>";
		};
		3DA73912264454E400C5F893 /* Products */ = {
			isa = PBXGroup;
			children = (
				3DA73911264454E400C5F893 /* Flags.app */,
			);
			name = Products;
			sourceTree = "<group>";
		};
		3DA73913264454E400C5F893 /* Flags */ = {
			isa = PBXGroup;
			children = (
				3DA73914264454E400C5F893 /* AppDelegate.swift */,
				3DA73916264454E400C5F893 /* SceneDelegate.swift */,
				3DA7391A264454E400C5F893 /* Main.storyboard */,
				3DA7391F264454E600C5F893 /* LaunchScreen.storyboard */,
				3DA7393B264482F100C5F893 /* Controllers */,
				3DA7392C2644553000C5F893 /* Data */,
				3DA7391D264454E600C5F893 /* Assets.xcassets */,
				3DA73922264454E600C5F893 /* Info.plist */,
				3DA7393726447EDF00C5F893 /* states.json */,
			);
			path = Flags;
			sourceTree = "<group>";
		};
		3DA7392C2644553000C5F893 /* Data */ = {
			isa = PBXGroup;
			children = (
				3DA7392D2644562600C5F893 /* StateData.swift */,
			);
			path = Data;
			sourceTree = "<group>";
		};
		3DA7393B264482F100C5F893 /* Controllers */ = {
			isa = PBXGroup;
			children = (
				3DA73939264482EB00C5F893 /* StatesTVC.swift */,
				3DA7393C2644889F00C5F893 /* StateTVCell.swift */,
				3DA7393E2644A27500C5F893 /* DetailTVC.swift */,
				3D3CE7A82644B782004812E0 /* WebVC.swift */,
				3DF10CD22645AC8D00787F2F /* ForkbeardTVC.swift */,
			);
			path = Controllers;
			sourceTree = "<group>";
		};
/* End PBXGroup section */

/* Begin PBXNativeTarget section */
		3DA73910264454E400C5F893 /* Flags */ = {
			isa = PBXNativeTarget;
			buildConfigurationList = 3DA73925264454E600C5F893 /* Build configuration list for PBXNativeTarget "Flags" */;
			buildPhases = (
				3DA7390D264454E400C5F893 /* Sources */,
				3DA7390E264454E400C5F893 /* Frameworks */,
				3DA7390F264454E400C5F893 /* Resources */,
			);
			buildRules = (
			);
			dependencies = (
			);
			name = Flags;
			productName = Flags;
			productReference = 3DA73911264454E400C5F893 /* Flags.app */;
			productType = "com.apple.product-type.application";
		};
/* End PBXNativeTarget section */

/* Begin PBXProject section */
		3DA73909264454E400C5F893 /* Project object */ = {
			isa = PBXProject;
			attributes = {
				LastSwiftUpdateCheck = 1250;
				LastUpgradeCheck = 1250;
				TargetAttributes = {
					3DA73910264454E400C5F893 = {
						CreatedOnToolsVersion = 12.5;
					};
				};
			};
			buildConfigurationList = 3DA7390C264454E400C5F893 /* Build configuration list for PBXProject "Flags" */;
			compatibilityVersion = "Xcode 9.3";
			developmentRegion = en;
			hasScannedForEncodings = 0;
			knownRegions = (
				en,
				Base,
			);
			mainGroup = 3DA73908264454E400C5F893;
			productRefGroup = 3DA73912264454E400C5F893 /* Products */;
			projectDirPath = "";
			projectRoot = "";
			targets = (
				3DA73910264454E400C5F893 /* Flags */,
			);
		};
/* End PBXProject section */

/* Begin PBXResourcesBuildPhase section */
		3DA7390F264454E400C5F893 /* Resources */ = {
			isa = PBXResourcesBuildPhase;
			buildActionMask = 2147483647;
			files = (
				3DA73921264454E600C5F893 /* LaunchScreen.storyboard in Resources */,
				3DA7391E264454E600C5F893 /* Assets.xcassets in Resources */,
				3DA7391C264454E400C5F893 /* Main.storyboard in Resources */,
				3DA7393826447EE000C5F893 /* states.json in Resources */,
			);
			runOnlyForDeploymentPostprocessing = 0;
		};
/* End PBXResourcesBuildPhase section */

/* Begin PBXSourcesBuildPhase section */
		3DA7390D264454E400C5F893 /* Sources */ = {
			isa = PBXSourcesBuildPhase;
			buildActionMask = 2147483647;
			files = (
				3DA7393F2644A27500C5F893 /* DetailTVC.swift in Sources */,
				3D3CE7A92644B782004812E0 /* WebVC.swift in Sources */,
				3DF10CD32645AC8D00787F2F /* ForkbeardTVC.swift in Sources */,
				3DA73915264454E400C5F893 /* AppDelegate.swift in Sources */,
				3DA7393D2644889F00C5F893 /* StateTVCell.swift in Sources */,
				3DA73917264454E400C5F893 /* SceneDelegate.swift in Sources */,
				3DA7392E2644562600C5F893 /* StateData.swift in Sources */,
				3DA7393A264482EB00C5F893 /* StatesTVC.swift in Sources */,
			);
			runOnlyForDeploymentPostprocessing = 0;
		};
/* End PBXSourcesBuildPhase section */

/* Begin PBXVariantGroup section */
		3DA7391A264454E400C5F893 /* Main.storyboard */ = {
			isa = PBXVariantGroup;
			children = (
				3DA7391B264454E400C5F893 /* Base */,
			);
			name = Main.storyboard;
			sourceTree = "<group>";
		};
		3DA7391F264454E600C5F893 /* LaunchScreen.storyboard */ = {
			isa = PBXVariantGroup;
			children = (
				3DA73920264454E600C5F893 /* Base */,
			);
			name = LaunchScreen.storyboard;
			sourceTree = "<group>";
		};
/* End PBXVariantGroup section */

/* Begin XCBuildConfiguration section */
		3DA73923264454E600C5F893 /* Debug */ = {
			isa = XCBuildConfiguration;
			buildSettings = {
				ALWAYS_SEARCH_USER_PATHS = NO;
				CLANG_ANALYZER_NONNULL = YES;
				CLANG_ANALYZER_NUMBER_OBJECT_CONVERSION = YES_AGGRESSIVE;
				CLANG_CXX_LANGUAGE_STANDARD = "gnu++14";
				CLANG_CXX_LIBRARY = "libc++";
				CLANG_ENABLE_MODULES = YES;
				CLANG_ENABLE_OBJC_ARC = YES;
				CLANG_ENABLE_OBJC_WEAK = YES;
				CLANG_WARN_BLOCK_CAPTURE_AUTORELEASING = YES;
				CLANG_WARN_BOOL_CONVERSION = YES;
				CLANG_WARN_COMMA = YES;
				CLANG_WARN_CONSTANT_CONVERSION = YES;
				CLANG_WARN_DEPRECATED_OBJC_IMPLEMENTATIONS = YES;
				CLANG_WARN_DIRECT_OBJC_ISA_USAGE = YES_ERROR;
				CLANG_WARN_DOCUMENTATION_COMMENTS = YES;
				CLANG_WARN_EMPTY_BODY = YES;
				CLANG_WARN_ENUM_CONVERSION = YES;
				CLANG_WARN_INFINITE_RECURSION = YES;
				CLANG_WARN_INT_CONVERSION = YES;
				CLANG_WARN_NON_LITERAL_NULL_CONVERSION = YES;
				CLANG_WARN_OBJC_IMPLICIT_RETAIN_SELF = YES;
				CLANG_WARN_OBJC_LITERAL_CONVERSION = YES;
				CLANG_WARN_OBJC_ROOT_CLASS = YES_ERROR;
				CLANG_WARN_QUOTED_INCLUDE_IN_FRAMEWORK_HEADER = YES;
				CLANG_WARN_RANGE_LOOP_ANALYSIS = YES;
				CLANG_WARN_STRICT_PROTOTYPES = YES;
				CLANG_WARN_SUSPICIOUS_MOVE = YES;
				CLANG_WARN_UNGUARDED_AVAILABILITY = YES_AGGRESSIVE;
				CLANG_WARN_UNREACHABLE_CODE = YES;
				CLANG_WARN__DUPLICATE_METHOD_MATCH = YES;
				COPY_PHASE_STRIP = NO;
				DEBUG_INFORMATION_FORMAT = dwarf;
				ENABLE_STRICT_OBJC_MSGSEND = YES;
				ENABLE_TESTABILITY = YES;
				GCC_C_LANGUAGE_STANDARD = gnu11;
				GCC_DYNAMIC_NO_PIC = NO;
				GCC_NO_COMMON_BLOCKS = YES;
				GCC_OPTIMIZATION_LEVEL = 0;
				GCC_PREPROCESSOR_DEFINITIONS = (
					"DEBUG=1",
					"$(inherited)",
				);
				GCC_WARN_64_TO_32_BIT_CONVERSION = YES;
				GCC_WARN_ABOUT_RETURN_TYPE = YES_ERROR;
				GCC_WARN_UNDECLARED_SELECTOR = YES;
				GCC_WARN_UNINITIALIZED_AUTOS = YES_AGGRESSIVE;
				GCC_WARN_UNUSED_FUNCTION = YES;
				GCC_WARN_UNUSED_VARIABLE = YES;
				IPHONEOS_DEPLOYMENT_TARGET = 14.5;
				MTL_ENABLE_DEBUG_INFO = INCLUDE_SOURCE;
				MTL_FAST_MATH = YES;
				ONLY_ACTIVE_ARCH = YES;
				SDKROOT = iphoneos;
				SWIFT_ACTIVE_COMPILATION_CONDITIONS = DEBUG;
				SWIFT_OPTIMIZATION_LEVEL = "-Onone";
			};
			name = Debug;
		};
		3DA73924264454E600C5F893 /* Release */ = {
			isa = XCBuildConfiguration;
			buildSettings = {
				ALWAYS_SEARCH_USER_PATHS = NO;
				CLANG_ANALYZER_NONNULL = YES;
				CLANG_ANALYZER_NUMBER_OBJECT_CONVERSION = YES_AGGRESSIVE;
				CLANG_CXX_LANGUAGE_STANDARD = "gnu++14";
				CLANG_CXX_LIBRARY = "libc++";
				CLANG_ENABLE_MODULES = YES;
				CLANG_ENABLE_OBJC_ARC = YES;
				CLANG_ENABLE_OBJC_WEAK = YES;
				CLANG_WARN_BLOCK_CAPTURE_AUTORELEASING = YES;
				CLANG_WARN_BOOL_CONVERSION = YES;
				CLANG_WARN_COMMA = YES;
				CLANG_WARN_CONSTANT_CONVERSION = YES;
				CLANG_WARN_DEPRECATED_OBJC_IMPLEMENTATIONS = YES;
				CLANG_WARN_DIRECT_OBJC_ISA_USAGE = YES_ERROR;
				CLANG_WARN_DOCUMENTATION_COMMENTS = YES;
				CLANG_WARN_EMPTY_BODY = YES;
				CLANG_WARN_ENUM_CONVERSION = YES;
				CLANG_WARN_INFINITE_RECURSION = YES;
				CLANG_WARN_INT_CONVERSION = YES;
				CLANG_WARN_NON_LITERAL_NULL_CONVERSION = YES;
				CLANG_WARN_OBJC_IMPLICIT_RETAIN_SELF = YES;
				CLANG_WARN_OBJC_LITERAL_CONVERSION = YES;
				CLANG_WARN_OBJC_ROOT_CLASS = YES_ERROR;
				CLANG_WARN_QUOTED_INCLUDE_IN_FRAMEWORK_HEADER = YES;
				CLANG_WARN_RANGE_LOOP_ANALYSIS = YES;
				CLANG_WARN_STRICT_PROTOTYPES = YES;
				CLANG_WARN_SUSPICIOUS_MOVE = YES;
				CLANG_WARN_UNGUARDED_AVAILABILITY = YES_AGGRESSIVE;
				CLANG_WARN_UNREACHABLE_CODE = YES;
				CLANG_WARN__DUPLICATE_METHOD_MATCH = YES;
				COPY_PHASE_STRIP = NO;
				DEBUG_INFORMATION_FORMAT = "dwarf-with-dsym";
				ENABLE_NS_ASSERTIONS = NO;
				ENABLE_STRICT_OBJC_MSGSEND = YES;
				GCC_C_LANGUAGE_STANDARD = gnu11;
				GCC_NO_COMMON_BLOCKS = YES;
				GCC_WARN_64_TO_32_BIT_CONVERSION = YES;
				GCC_WARN_ABOUT_RETURN_TYPE = YES_ERROR;
				GCC_WARN_UNDECLARED_SELECTOR = YES;
				GCC_WARN_UNINITIALIZED_AUTOS = YES_AGGRESSIVE;
				GCC_WARN_UNUSED_FUNCTION = YES;
				GCC_WARN_UNUSED_VARIABLE = YES;
				IPHONEOS_DEPLOYMENT_TARGET = 14.5;
				MTL_ENABLE_DEBUG_INFO = NO;
				MTL_FAST_MATH = YES;
				SDKROOT = iphoneos;
				SWIFT_COMPILATION_MODE = wholemodule;
				SWIFT_OPTIMIZATION_LEVEL = "-O";
				VALIDATE_PRODUCT = YES;
			};
			name = Release;
		};
		3DA73926264454E600C5F893 /* Debug */ = {
			isa = XCBuildConfiguration;
			buildSettings = {
				ASSETCATALOG_COMPILER_APPICON_NAME = AppIcon;
				ASSETCATALOG_COMPILER_GLOBAL_ACCENT_COLOR_NAME = AccentColor;
				CODE_SIGN_STYLE = Automatic;
				DEVELOPMENT_TEAM = NMC4QMEM2Y;
				INFOPLIST_FILE = Flags/Info.plist;
				LD_RUNPATH_SEARCH_PATHS = (
					"$(inherited)",
					"@executable_path/Frameworks",
				);
				PRODUCT_BUNDLE_IDENTIFIER = com.ForkbeardLabs.Flags;
				PRODUCT_NAME = "$(TARGET_NAME)";
				SWIFT_VERSION = 5.0;
				TARGETED_DEVICE_FAMILY = "1,2";
			};
			name = Debug;
		};
		3DA73927264454E600C5F893 /* Release */ = {
			isa = XCBuildConfiguration;
			buildSettings = {
				ASSETCATALOG_COMPILER_APPICON_NAME = AppIcon;
				ASSETCATALOG_COMPILER_GLOBAL_ACCENT_COLOR_NAME = AccentColor;
				CODE_SIGN_STYLE = Automatic;
				DEVELOPMENT_TEAM = NMC4QMEM2Y;
				INFOPLIST_FILE = Flags/Info.plist;
				LD_RUNPATH_SEARCH_PATHS = (
					"$(inherited)",
					"@executable_path/Frameworks",
				);
				PRODUCT_BUNDLE_IDENTIFIER = com.ForkbeardLabs.Flags;
				PRODUCT_NAME = "$(TARGET_NAME)";
				SWIFT_VERSION = 5.0;
				TARGETED_DEVICE_FAMILY = "1,2";
			};
			name = Release;
		};
/* End XCBuildConfiguration section */

/* Begin XCConfigurationList section */
		3DA7390C264454E400C5F893 /* Build configuration list for PBXProject "Flags" */ = {
			isa = XCConfigurationList;
			buildConfigurations = (
				3DA73923264454E600C5F893 /* Debug */,
				3DA73924264454E600C5F893 /* Release */,
			);
			defaultConfigurationIsVisible = 0;
			defaultConfigurationName = Release;
		};
		3DA73925264454E600C5F893 /* Build configuration list for PBXNativeTarget "Flags" */ = {
			isa = XCConfigurationList;
			buildConfigurations = (
				3DA73926264454E600C5F893 /* Debug */,
				3DA73927264454E600C5F893 /* Release */,
			);
			defaultConfigurationIsVisible = 0;
			defaultConfigurationName = Release;
		};
/* End XCConfigurationList section */
	};
	rootObject = 3DA73909264454E400C5F893 /* Project object */;
}
